
Microsoft Visual Studio Solution File, Format Version 12.00
# Visual Studio Version 18
VisualStudioVersion = 18.0.11217.181 d18.0
MinimumVisualStudioVersion = 10.0.40219.1
Project("{FAE04EC0-301F-11D3-BF4B-00C04F79EFBC}") = "smart medication", "smart medication.csproj", "{1FACAF22-A019-42CA-938C-91894984A012}"
EndProject
Global
	GlobalSection(SolutionConfigurationPlatforms) = preSolution
		Debug|Any CPU = Debug|Any CPU
		Release|Any CPU = Release|Any CPU
	EndGlobalSection
	GlobalSection(ProjectConfigurationPlatforms) = postSolution
		{1FACAF22-A019-42CA-938C-91894984A012}.Debug|Any CPU.ActiveCfg = Debug|Any CPU
		{1FACAF22-A019-42CA-938C-91894984A012}.Debug|Any CPU.Build.0 = Debug|Any CPU
		{1FACAF22-A019-42CA-938C-91894984A012}.Release|Any CPU.ActiveCfg = Release|Any CPU
		{1FACAF22-A019-42CA-938C-91894984A012}.Release|Any CPU.Build.0 = Release|Any CPU
	EndGlobalSection
	GlobalSection(SolutionProperties) = preSolution
		HideSolutionNode = FALSE
	EndGlobalSection
	GlobalSection(ExtensibilityGlobals) = postSolution
		SolutionGuid = {C1E9459D-022A-4EFC-AB1C-556AF2038F3D}
	EndGlobalSection
EndGlobal
